<?xml version="1.0" encoding="utf-8"?>
<Project ToolsVersion="4.0" xmlns="http://schemas.microsoft.com/developer/msbuild/2003">
  <ItemGroup>
    <Filter Include="Source Files">
      <UniqueIdentifier>{4FC737F1-C7A5-4376-A066-2A32D752A2FF}</UniqueIdentifier>
      <Extensions>cpp;c;cc;cxx;def;odl;idl;hpj;bat;asm;asmx</Extensions>
    </Filter>
    <Filter Include="Header Files">
      <UniqueIdentifier>{93995380-89BD-4b04-88EB-625FBE52EBFB}</UniqueIdentifier>
      <Extensions>h;hh;hpp;hxx;hm;inl;inc;ipp;xsd</Extensions>
    </Filter>
    <Filter Include="Resource Files">
      <UniqueIdentifier>{67DA6AB6-F800-4c08-8B7A-83BB121AAD01}</UniqueIdentifier>
      <Extensions>rc;ico;cur;bmp;dlg;rc2;rct;bin;rgs;gif;jpg;jpeg;jpe;resx;tiff;tif;png;wav;mfcribbon-ms</Extensions>
    </Filter>
  </ItemGroup>
  <ItemGroup>
    <None Include="..\..\..\Desktop\Project1_Starter_Code\.DS_Store" />
    <None Include="..\..\..\Desktop\Project1_Starter_Code\lab1" />
    <None Include="..\..\..\Desktop\Project1_Starter_Code\test" />
    <None Include="..\..\..\Downloads\makefile" />
  </ItemGroup>
  <ItemGroup>
    <ClCompile Include="..\..\..\Desktop\Project1_Starter_Code\AddAutomaton.cpp">
      <Filter>Source Files</Filter>
    </ClCompile>
    <ClCompile Include="..\..\..\Desktop\Project1_Starter_Code\ColonAutomaton.cpp">
      <Filter>Source Files</Filter>
    </ClCompile>
    <ClCompile Include="..\..\..\Desktop\Project1_Starter_Code\ColonDashAutomaton.cpp">
      <Filter>Source Files</Filter>
    </ClCompile>
    <ClCompile Include="..\..\..\Desktop\Project1_Starter_Code\CommaAutomaton.cpp">
      <Filter>Source Files</Filter>
    </ClCompile>
    <ClCompile Include="..\..\..\Desktop\Project1_Starter_Code\CommentAutomaton.cpp">
      <Filter>Source Files</Filter>
    </ClCompile>
    <ClCompile Include="..\..\..\Desktop\Project1_Starter_Code\EofAutomaton.cpp">
      <Filter>Source Files</Filter>
    </ClCompile>
    <ClCompile Include="..\..\..\Desktop\Project1_Starter_Code\FactsAutomaton.cpp">
      <Filter>Source Files</Filter>
    </ClCompile>
    <ClCompile Include="..\..\..\Desktop\Project1_Starter_Code\IdAutomaton.cpp">
      <Filter>Source Files</Filter>
    </ClCompile>
    <ClCompile Include="..\..\..\Desktop\Project1_Starter_Code\LeftParenAutomaton.cpp">
      <Filter>Source Files</Filter>
    </ClCompile>
    <ClCompile Include="..\..\..\Desktop\Project1_Starter_Code\Lexer.cpp">
      <Filter>Source Files</Filter>
    </ClCompile>
    <ClCompile Include="..\..\..\Desktop\Project1_Starter_Code\main.cpp">
      <Filter>Source Files</Filter>
    </ClCompile>
    <ClCompile Include="..\..\..\Desktop\Project1_Starter_Code\MultipyAutomaton.cpp">
      <Filter>Source Files</Filter>
    </ClCompile>
    <ClCompile Include="..\..\..\Desktop\Project1_Starter_Code\PeriodAutomaton.cpp">
      <Filter>Source Files</Filter>
    </ClCompile>
    <ClCompile Include="..\..\..\Desktop\Project1_Starter_Code\QMarkAutomaton.cpp">
      <Filter>Source Files</Filter>
    </ClCompile>
    <ClCompile Include="..\..\..\Desktop\Project1_Starter_Code\QueriesAutomaton.cpp">
      <Filter>Source Files</Filter>
    </ClCompile>
    <ClCompile Include="..\..\..\Desktop\Project1_Starter_Code\RightParenAutomaton.cpp">
      <Filter>Source Files</Filter>
    </ClCompile>
    <ClCompile Include="..\..\..\Desktop\Project1_Starter_Code\RulesAutomaton.cpp">
      <Filter>Source Files</Filter>
    </ClCompile>
    <ClCompile Include="..\..\..\Desktop\Project1_Starter_Code\SchemesAutomaton.cpp">
      <Filter>Source Files</Filter>
    </ClCompile>
    <ClCompile Include="..\..\..\Desktop\Project1_Starter_Code\StringAutomaton.cpp">
      <Filter>Source Files</Filter>
    </ClCompile>
    <ClCompile Include="..\..\..\Desktop\Project1_Starter_Code\Token.cpp">
      <Filter>Source Files</Filter>
    </ClCompile>
    <ClCompile Include="..\..\..\Desktop\Project1_Starter_Code\UndefinedAutomaton.cpp">
      <Filter>Source Files</Filter>
    </ClCompile>
  </ItemGroup>
  <ItemGroup>
    <ClInclude Include="..\..\..\Desktop\Project1_Starter_Code\AddAutomaton.h">
      <Filter>Header Files</Filter>
    </ClInclude>
    <ClInclude Include="..\..\..\Desktop\Project1_Starter_Code\Automaton.h">
      <Filter>Header Files</Filter>
    </ClInclude>
    <ClInclude Include="..\..\..\Desktop\Project1_Starter_Code\ColonAutomaton.h">
      <Filter>Header Files</Filter>
    </ClInclude>
    <ClInclude Include="..\..\..\Desktop\Project1_Starter_Code\ColonDashAutomaton.h">
      <Filter>Header Files</Filter>
    </ClInclude>
    <ClInclude Include="..\..\..\Desktop\Project1_Starter_Code\CommaAutomaton.h">
      <Filter>Header Files</Filter>
    </ClInclude>
    <ClInclude Include="..\..\..\Desktop\Project1_Starter_Code\CommentAutomaton.h">
      <Filter>Header Files</Filter>
    </ClInclude>
    <ClInclude Include="..\..\..\Desktop\Project1_Starter_Code\EofAutomaton.h">
      <Filter>Header Files</Filter>
    </ClInclude>
    <ClInclude Include="..\..\..\Desktop\Project1_Starter_Code\FactsAutomaton.h">
      <Filter>Header Files</Filter>
    </ClInclude>
    <ClInclude Include="..\..\..\Desktop\Project1_Starter_Code\IdAutomaton.h">
      <Filter>Header Files</Filter>
    </ClInclude>
    <ClInclude Include="..\..\..\Desktop\Project1_Starter_Code\LeftParenAutomaton.h">
      <Filter>Header Files</Filter>
    </ClInclude>
    <ClInclude Include="..\..\..\Desktop\Project1_Starter_Code\Lexer.h">
      <Filter>Header Files</Filter>
    </ClInclude>
    <ClInclude Include="..\..\..\Desktop\Project1_Starter_Code\MultipyAutomaton.h">
      <Filter>Header Files</Filter>
    </ClInclude>
    <ClInclude Include="..\..\..\Desktop\Project1_Starter_Code\PeriodAutomaton.h">
      <Filter>Header Files</Filter>
    </ClInclude>
    <ClInclude Include="..\..\..\Desktop\Project1_Starter_Code\QMarkAutomaton.h">
      <Filter>Header Files</Filter>
    </ClInclude>
    <ClInclude Include="..\..\..\Desktop\Project1_Starter_Code\QueriesAutomaton.h">
      <Filter>Header Files</Filter>
    </ClInclude>
    <ClInclude Include="..\..\..\Desktop\Project1_Starter_Code\RightParenAutomaton.h">
      <Filter>Header Files</Filter>
    </ClInclude>
    <ClInclude Include="..\..\..\Desktop\Project1_Starter_Code\RulesAutomaton.h">
      <Filter>Header Files</Filter>
    </ClInclude>
    <ClInclude Include="..\..\..\Desktop\Project1_Starter_Code\SchemesAutomaton.h">
      <Filter>Header Files</Filter>
    </ClInclude>
    <ClInclude Include="..\..\..\Desktop\Project1_Starter_Code\StringAutomaton.h">
      <Filter>Header Files</Filter>
    </ClInclude>
    <ClInclude Include="..\..\..\Desktop\Project1_Starter_Code\Token.h">
      <Filter>Header Files</Filter>
    </ClInclude>
    <ClInclude Include="..\..\..\Desktop\Project1_Starter_Code\UndefinedAutomaton.h">
      <Filter>Header Files</Filter>
    </ClInclude>
  </ItemGroup>
  <ItemGroup>
    <Text Include="..\..\..\Desktop\Project1_Starter_Code\in10.txt" />
    <Text Include="..\..\..\Desktop\Project1_Starter_Code\in11.txt" />
    <Text Include="..\..\..\Desktop\Project1_Starter_Code\in12.txt" />
    <Text Include="..\..\..\Desktop\Project1_Starter_Code\in13.txt" />
    <Text Include="..\..\..\Desktop\Project1_Starter_Code\in14.txt" />
    <Text Include="..\..\..\Desktop\Project1_Starter_Code\in15.txt" />
    <Text Include="..\..\..\Desktop\Project1_Starter_Code\in16.txt" />
    <Text Include="..\..\..\Desktop\Project1_Starter_Code\in17.txt" />
    <Text Include="..\..\..\Desktop\Project1_Starter_Code\in18.txt" />
    <Text Include="..\..\..\Desktop\Project1_Starter_Code\in19.txt" />
    <Text Include="..\..\..\Desktop\Project1_Starter_Code\in20.txt" />
    <Text Include="..\..\..\Desktop\Project1_Starter_Code\in61.txt" />
    <Text Include="..\..\..\Desktop\Project1_Starter_Code\in62.txt" />
    <Text Include="test.txt" />
  </ItemGroup>
</Project>